
Microsoft Visual Studio Solution File, Format Version 12.00
# Visual Studio Version 17
VisualStudioVersion = 17.3.32811.315
MinimumVisualStudioVersion = 10.0.40219.1
Project("{9A19103F-16F7-4668-BE54-9A1E7A4F7556}") = "demoQA_playwright", "demoQA_playwright.csproj", "{474880CA-589D-4949-9A28-AB977011AD93}"
EndProject
Global
	GlobalSection(SolutionConfigurationPlatforms) = preSolution
		Debug|Any CPU = Debug|Any CPU
		Release|Any CPU = Release|Any CPU
	EndGlobalSection
	GlobalSection(ProjectConfigurationPlatforms) = postSolution
		{474880CA-589D-4949-9A28-AB977011AD93}.Debug|Any CPU.ActiveCfg = Debug|Any CPU
		{474880CA-589D-4949-9A28-AB977011AD93}.Debug|Any CPU.Build.0 = Debug|Any CPU
		{474880CA-589D-4949-9A28-AB977011AD93}.Release|Any CPU.ActiveCfg = Release|Any CPU
		{474880CA-589D-4949-9A28-AB977011AD93}.Release|Any CPU.Build.0 = Release|Any CPU
	EndGlobalSection
	GlobalSection(SolutionProperties) = preSolution
		HideSolutionNode = FALSE
	EndGlobalSection
	GlobalSection(ExtensibilityGlobals) = postSolution
		SolutionGuid = {13D20A10-B035-49EC-A83B-0F9ACCC9921B}
	EndGlobalSection
EndGlobal
